Microsoft Visual Studio Solution File, Format Version 12.00
# Visual Studio Version 17
VisualStudioVersion = 17.5.2.0
MinimumVisualStudioVersion = 10.0.40219.1
Project("{FAE04EC0-301F-11D3-BF4B-00C04F79EFBC}") = "ApiPeliculas", "ApiPeliculas.csproj", "{62229DB6-A49E-979B-AC8A-916B000B23D8}"
EndProject
Global
	GlobalSection(SolutionConfigurationPlatforms) = preSolution
		Debug|Any CPU = Debug|Any CPU
		Release|Any CPU = Release|Any CPU
	EndGlobalSection
	GlobalSection(ProjectConfigurationPlatforms) = postSolution
		{62229DB6-A49E-979B-AC8A-916B000B23D8}.Debug|Any CPU.ActiveCfg = Debug|Any CPU
		{62229DB6-A49E-979B-AC8A-916B000B23D8}.Debug|Any CPU.Build.0 = Debug|Any CPU
		{62229DB6-A49E-979B-AC8A-916B000B23D8}.Release|Any CPU.ActiveCfg = Release|Any CPU
		{62229DB6-A49E-979B-AC8A-916B000B23D8}.Release|Any CPU.Build.0 = Release|Any CPU
	EndGlobalSection
	GlobalSection(SolutionProperties) = preSolution
		HideSolutionNode = FALSE
	EndGlobalSection
	GlobalSection(ExtensibilityGlobals) = postSolution
		SolutionGuid = {F4E7D573-D593-4745-8A38-C9C2C65654E0}
	EndGlobalSection
EndGlobal
